lockfileVersion: '9.0'

settings:
  autoInstallPeers: true
  excludeLinksFromLockfile: false

importers:

  .:
    dependencies:
      next:
        specifier: 16.2.10
        version: 16.2.10(@babel/core@7.29.7)(react-dom@19.2.7(react@19.2.7))(react@19.2.7)
      react:
        specifier: 19.2.7
        version: 19.2.7
      react-dom:
        specifier: 19.2.7
        version: 19.2.7(react@19.2.7)
    devDependencies:
      '@types/node':
        specifier: latest
        version: 26.1.1
      '@types/react':
        specifier: latest
        version: 19.2.17
      '@types/react-dom':
        specifier: latest
        version: 19.2.3(@types/react@19.2.17)
      eslint:
        specifier: ^9.39.2
        version: 9.39.5
      eslint-config-next:
        specifier: 16.2.10
        version: 16.2.10(@typescript-eslint/parser@8.64.0(eslint@9.39.5)(typescript@5.9.3))(eslint@9.39.5)(typescript@5.9.3)
      typescript:
        specifier: ^5.9.3
        version: 5.9.3

packages:

  '@babel/code-frame@7.29.7':
    resolution: {integrity: sha512-Aup7aUOfpbAUg2ROOJN6Iw5f9DMBlzu0mIkm/malLQFN/YQgO48wCj0Kxa3sEHJvPVFg7siR+qRInwXd2qhQKw==}
    engines: {node: '>=6.9.0'}

  '@babel/compat-data@7.29.7':
    resolution: {integrity: sha512-locTkQyKvwIEgBzVrn8693ebc97F2U8ZHjbXwDXJ5Fn2TCpNwTlKcaKLkdHop5c/icOFE7qt7Q9JC5hnKNa6Gg==}
    engines: {node: '>=6.9.0'}

  '@babel/core@7.29.7':
    resolution: {integrity: sha512-RgHBCvtjbOK2gXSNBNIkNoEc9qoVEtau3hj8gEqKQuL3HZAibKarWFEI3Lfm6EYKkLalOh8eSrj9b+ch9H/VBA==}
    engines: {node: '>=6.9.0'}

  '@babel/generator@7.29.7':
    resolution: {integrity: sha512-DkXD5OJQaAQIdZ1bt3UZdEnHAn9Imd3IVBdX03UFe+ony9Ojw5pzr9YVKGDY1jt+Gcn/FnGkNf8r+Vj5NOJWtQ==}
    engines: {node: '>=6.9.0'}

  '@babel/helper-compilation-targets@7.29.7':
    resolution: {integrity: sha512-wem6WaBj4NaVYVdNhLPPVacES6ZJ+KBBfSkTMD3YZxbP3rm3Di85tJU5ljaUNhaOynt+Aj0xruhYuzQBt8n71g==}
    engines: {node: '>=6.9.0'}

  '@babel/helper-globals@7.29.7':
    resolution: {integrity: sha512-3nQVUAtvkKH9zahfWgw96Jc/uFOmjACE1kQz82E2lqWmHBgjzbNlsC22nuQTfahmWeQtTq5nQ/4Nnd2A1wj4zA==}
    engines: {node: '>=6.9.0'}

  '@babel/helper-module-imports@7.29.7':
    resolution: {integrity: sha512-ejHwrQQYcm9xnTivShn2IDOlIzInN34AXskvq9QicvCtEzq1Vzclu/tKF8Jq1Cg8JG2GL6/EmjgsCT7lXepE3g==}
    engines: {node: '>=6.9.0'}

  '@babel/helper-module-transforms@7.29.7':
    resolution: {integrity: sha512-UPUVSyXbOh627KiCIGQSgwWzGeBKLkaJ9PJEdrngIwMSzxLR4jS4+f1f1jb7VzBbg8nFLaYotvVPFCTqdrmTAg==}
    engines: {node: '>=6.9.0'}
    peerDependencies:
      '@babel/core': ^7.0.0

  '@babel/helper-string-parser@7.29.7':
    resolution: {integrity: sha512-Pb5ijPrZ89GDH8223L4UP8i6QApWxs04RbPQJTeWDV0/keR2E36MeKnyr6LYmUUvqRRI+Iv87SuF1W6ErINzYw==}
    engines: {node: '>=6.9.0'}

  '@babel/helper-validator-identifier@7.29.7':
    resolution: {integrity: sha512-qehxGkRj55h/ff8EMaJ+cYhyaKlHIxqYDn682wQD7RNp9UujOQsHog2uS0r2vzr4pW+sXf90NeeayjcNaX3fFg==}
    engines: {node: '>=6.9.0'}

  '@babel/helper-validator-option@7.29.7':
    resolution: {integrity: sha512-N9ZErrD+yW5geCDtBqnOoxmR8+tNKiGuxKlDpuJxfsqpa2dFcexaziGAE/qoHLiDDreVNMupxGmSoNlyvsA3gw==}
    engines: {node: '>=6.9.0'}

  '@babel/helpers@7.29.7':
    resolution: {integrity: sha512-1k2lAGRMfHTcwuNYcCNUmaUffmQv8KWMfh2iJUUeRlwlwH4FdNG7mfPI10NPfLHJFThE4Tyr4mv7kTNZOiPuBg==}
    engines: {node: '>=6.9.0'}

  '@babel/parser@7.29.7':
    resolution: {integrity: sha512-hnORnjP/1P/zFEndoeX+n+t1RwWRJiJpM/jO7FW32Kn9r5+sJB2JWOdYo4L6k78j15eCwY3Gm/7364B1EMwtNg==}
    engines: {node: '>=6.0.0'}
    hasBin: true

  '@babel/template@7.29.7':
    resolution: {integrity: sha512-puq+Gf35oI24FeN11LkoUQFqv9uwNeWpxXZi/Ji3rRIoKAzKnxRaZ+Gkj0vKS9ZCiTESfng1N9LyOyXvo+m+Gg==}
    engines: {node: '>=6.9.0'}

  '@babel/traverse@7.29.7':
    resolution: {integrity: sha512-EhlfNQtZ+NK22w5BM61ciuiq1m58ed33Wr1Xan//ZRTy6hgjnwyCffRYwzsGXdASJSUJ1guZILsErh1eQcl+zw==}
    engines: {node: '>=6.9.0'}

  '@babel/types@7.29.7':
    resolution: {integrity: sha512-4zBIxpPzowiZpusoFkyGVwakdRJUyuH5PxQ/PrqghfdFWWasvnCdPfQXHrenDai+gyLARulZjZowCOj6fjT4pA==}
    engines: {node: '>=6.9.0'}

  '@emnapi/core@1.10.0':
    resolution: {integrity: sha512-yq6OkJ4p82CAfPl0u9mQebQHKPJkY7WrIuk205cTYnYe+k2Z8YBh11FrbRG/H6ihirqcacOgl2BIO8oyMQLeXw==}

  '@emnapi/runtime@1.10.0':
    resolution: {integrity: sha512-ewvYlk86xUoGI0zQRNq/mC+16R1QeDlKQy21Ki3oSYXNgLb45GV1P6A0M+/s6nyCuNDqe5VpaY84BzXGwVbwFA==}

  '@emnapi/runtime@1.11.2':
    resolution: {integrity: sha512-kyOl3X0DuTiT1h2ft8r2fYO8JYtU9a9Xis/zBSiGArNaagCOWx90N1k2wxp18czFDH+OgcWGb5ZP/XMt3dcyPA==}

  '@emnapi/wasi-threads@1.2.1':
    resolution: {integrity: sha512-uTII7OYF+/Mes/MrcIOYp5yOtSMLBWSIoLPpcgwipoiKbli6k322tcoFsxoIIxPDqW01SQGAgko4EzZi2BNv2w==}

  '@eslint-community/eslint-utils@4.9.1':
    resolution: {integrity: sha512-phrYmNiYppR7znFEdqgfWHXR6NCkZEK7hwWDHZUjit/2/U0r6XvkDl0SYnoM51Hq7FhCGdLDT6zxCCOY1hexsQ==}
    engines: {node: ^12.22.0 || ^14.17.0 || >=16.0.0}
    peerDependencies:
      eslint: ^6.0.0 || ^7.0.0 || >=8.0.0

  '@eslint-community/regexpp@4.12.2':
    resolution: {integrity: sha512-EriSTlt5OC9/7SXkRSCAhfSxxoSUgBm33OH+IkwbdpgoqsSsUg7y3uh+IICI/Qg4BBWr3U2i39RpmycbxMq4ew==}
    engines: {node: ^12.0.0 || ^14.0.0 || >=16.0.0}

  '@eslint/config-array@0.21.2':
    resolution: {integrity: sha512-nJl2KGTlrf9GjLimgIru+V/mzgSK0ABCDQRvxw5BjURL7WfH5uoWmizbH7QB6MmnMBd8cIC9uceWnezL1VZWWw==}
    engines: {node: ^18.18.0 || ^20.9.0 || >=21.1.0}

  '@eslint/config-helpers@0.4.2':
    resolution: {integrity: sha512-gBrxN88gOIf3R7ja5K9slwNayVcZgK6SOUORm2uBzTeIEfeVaIhOpCtTox3P6R7o2jLFwLFTLnC7kU/RGcYEgw==}
    engines: {node: ^18.18.0 || ^20.9.0 || >=21.1.0}

  '@eslint/core@0.17.0':
    resolution: {integrity: sha512-yL/sLrpmtDaFEiUj1osRP4TI2MDz1AddJL+jZ7KSqvBuliN4xqYY54IfdN8qD8Toa6g1iloph1fxQNkjOxrrpQ==}
    engines: {node: ^18.18.0 || ^20.9.0 || >=21.1.0}

  '@eslint/eslintrc@3.3.6':
    resolution: {integrity: sha512-l2Ul9PrHsPCKcEY/ac7VgFj9D80C7S68sOKc618SyHDPK36s1XcFebXY0iTzUVn4Yq+YbwvSnDmCz9yxjX+QrA==}
    engines: {node: ^18.18.0 || ^20.9.0 || >=21.1.0}

  '@eslint/js@9.39.5':
    resolution: {integrity: sha512-QywQuszQh77pIXCsq998c8hbhSTI/azTty1Z6N53dmAudKHhy573j3yvRLsX2BSp8YpLtoCEG8E9DJe+8zUh4A==}
    engines: {node: ^18.18.0 || ^20.9.0 || >=21.1.0}

  '@eslint/object-schema@2.1.7':
    resolution: {integrity: sha512-VtAOaymWVfZcmZbp6E2mympDIHvyjXs/12LqWYjVw6qjrfF+VK+fyG33kChz3nnK+SU5/NeHOqrTEHS8sXO3OA==}
    engines: {node: ^18.18.0 || ^20.9.0 || >=21.1.0}

  '@eslint/plugin-kit@0.4.1':
    resolution: {integrity: sha512-43/qtrDUokr7LJqoF2c3+RInu/t4zfrpYdoSDfYyhg52rwLV6TnOvdG4fXm7IkSB3wErkcmJS9iEhjVtOSEjjA==}
    engines: {node: ^18.18.0 || ^20.9.0 || >=21.1.0}

  '@humanfs/core@0.19.2':
    resolution: {integrity: sha512-UhXNm+CFMWcbChXywFwkmhqjs3PRCmcSa/hfBgLIb7oQ5HNb1wS0icWsGtSAUNgefHeI+eBrA8I1fxmbHsGdvA==}
    engines: {node: '>=18.18.0'}

  '@humanfs/node@0.16.8':
    resolution: {integrity: sha512-gE1eQNZ3R++kTzFUpdGlpmy8kDZD/MLyHqDwqjkVQI0JMdI1D51sy1H958PNXYkM2rAac7e5/CnIKZrHtPh3BQ==}
    engines: {node: '>=18.18.0'}

  '@humanfs/types@0.15.0':
    resolution: {integrity: sha512-ZZ1w0aoQkwuUuC7Yf+7sdeaNfqQiiLcSRbfI08oAxqLtpXQr9AIVX7Ay7HLDuiLYAaFPu8oBYNq/QIi9URHJ3Q==}
    engines: {node: '>=18.18.0'}

  '@humanwhocodes/module-importer@1.0.1':
    resolution: {integrity: sha512-bxveV4V8v5Yb4ncFTT3rPSgZBOpCkjfK0y4oVVVJwIuDVBRMDXrPyXRL988i5ap9m9bnyEEjWfm5WkBmtffLfA==}
    engines: {node: '>=12.22'}

  '@humanwhocodes/retry@0.4.3':
    resolution: {integrity: sha512-bV0Tgo9K4hfPCek+aMAn81RppFKv2ySDQeMoSZuvTASywNTnVJCArCZE2FWqpvIatKu7VMRLWlR1EazvVhDyhQ==}
    engines: {node: '>=18.18'}

  '@img/colour@1.1.0':
    resolution: {integrity: sha512-Td76q7j57o/tLVdgS746cYARfSyxk8iEfRxewL9h4OMzYhbW4TAcppl0mT4eyqXddh6L/jwoM75mo7ixa/pCeQ==}
    engines: {node: '>=18'}

  '@img/sharp-darwin-arm64@0.34.5':
    resolution: {integrity: sha512-imtQ3WMJXbMY4fxb/Ndp6HBTNVtWCUI0WdobyheGf5+ad6xX8VIDO8u2xE4qc/fr08CKG/7dDseFtn6M6g/r3w==}
    engines: {node: ^18.17.0 || ^20.3.0 || >=21.0.0}
    cpu: [arm64]
    os: [darwin]

  '@img/sharp-darwin-x64@0.34.5':
    resolution: {integrity: sha512-YNEFAF/4KQ/PeW0N+r+aVVsoIY0/qxxikF2SWdp+NRkmMB7y9LBZAVqQ4yhGCm/H3H270OSykqmQMKLBhBJDEw==}
    engines: {node: ^18.17.0 || ^20.3.0 || >=21.0.0}
    cpu: [x64]
    os: [darwin]

  '@img/sharp-libvips-darwin-arm64@1.2.4':
    resolution: {integrity: sha512-zqjjo7RatFfFoP0MkQ51jfuFZBnVE2pRiaydKJ1G/rHZvnsrHAOcQALIi9sA5co5xenQdTugCvtb1cuf78Vf4g==}
    cpu: [arm64]
    os: [darwin]

  '@img/sharp-libvips-darwin-x64@1.2.4':
    resolution: {integrity: sha512-1IOd5xfVhlGwX+zXv2N93k0yMONvUlANylbJw1eTah8K/Jtpi15KC+WSiaX/nBmbm2HxRM1gZ0nSdjSsrZbGKg==}
    cpu: [x64]
    os: [darwin]

  '@img/sharp-libvips-linux-arm64@1.2.4':
    resolution: {integrity: sha512-excjX8DfsIcJ10x1Kzr4RcWe1edC9PquDRRPx3YVCvQv+U5p7Yin2s32ftzikXojb1PIFc/9Mt28/y+iRklkrw==}
    cpu: [arm64]
    os: [linux]
    libc: [glibc]

  '@img/sharp-libvips-linux-arm@1.2.4':
    resolution: {integrity: sha512-bFI7xcKFELdiNCVov8e44Ia4u2byA+l3XtsAj+Q8tfCwO6BQ8iDojYdvoPMqsKDkuoOo+X6HZA0s0q11ANMQ8A==}
    cpu: [arm]
    os: [linux]
    libc: [glibc]

  '@img/sharp-libvips-linux-ppc64@1.2.4':
    resolution: {integrity: sha512-FMuvGijLDYG6lW+b/UvyilUWu5Ayu+3r2d1S8notiGCIyYU/76eig1UfMmkZ7vwgOrzKzlQbFSuQfgm7GYUPpA==}
    cpu: [ppc64]
    os: [linux]
    libc: [glibc]

  '@img/sharp-libvips-linux-riscv64@1.2.4':
    resolution: {integrity: sha512-oVDbcR4zUC0ce82teubSm+x6ETixtKZBh/qbREIOcI3cULzDyb18Sr/Wcyx7NRQeQzOiHTNbZFF1UwPS2scyGA==}
    cpu: [riscv64]
    os: [linux]
    libc: [glibc]

  '@img/sharp-libvips-linux-s390x@1.2.4':
    resolution: {integrity: sha512-qmp9VrzgPgMoGZyPvrQHqk02uyjA0/QrTO26Tqk6l4ZV0MPWIW6LTkqOIov+J1yEu7MbFQaDpwdwJKhbJvuRxQ==}
    cpu: [s390x]
    os: [linux]
    libc: [glibc]

  '@img/sharp-libvips-linux-x64@1.2.4':
    resolution: {integrity: sha512-tJxiiLsmHc9Ax1bz3oaOYBURTXGIRDODBqhveVHonrHJ9/+k89qbLl0bcJns+e4t4rvaNBxaEZsFtSfAdquPrw==}
    cpu: [x64]
    os: [linux]
    libc: [glibc]

  '@img/sharp-libvips-linuxmusl-arm64@1.2.4':
    resolution: {integrity: sha512-FVQHuwx1IIuNow9QAbYUzJ+En8KcVm9Lk5+uGUQJHaZmMECZmOlix9HnH7n1TRkXMS0pGxIJokIVB9SuqZGGXw==}
    cpu: [arm64]
    os: [linux]
    libc: [musl]

  '@img/sharp-libvips-linuxmusl-x64@1.2.4':
    resolution: {integrity: sha512-+LpyBk7L44ZIXwz/VYfglaX/okxezESc6UxDSoyo2Ks6Jxc4Y7sGjpgU9s4PMgqgjj1gZCylTieNamqA1MF7Dg==}
    cpu: [x64]
    os: [linux]
    libc: [musl]

  '@img/sharp-linux-arm64@0.34.5':
    resolution: {integrity: sha512-bKQzaJRY/bkPOXyKx5EVup7qkaojECG6NLYswgktOZjaXecSAeCWiZwwiFf3/Y+O1HrauiE3FVsGxFg8c24rZg==}
    engines: {node: ^18.17.0 || ^20.3.0 || >=21.0.0}
    cpu: [arm64]
    os: [linux]
    libc: [glibc]

  '@img/sharp-linux-arm@0.34.5':
    resolution: {integrity: sha512-9dLqsvwtg1uuXBGZKsxem9595+ujv0sJ6Vi8wcTANSFpwV/GONat5eCkzQo/1O6zRIkh0m/8+5BjrRr7jDUSZw==}
    engines: {node: ^18.17.0 || ^20.3.0 || >=21.0.0}
    cpu: [arm]
    os: [linux]
    libc: [glibc]

  '@img/sharp-linux-ppc64@0.34.5':
    resolution: {integrity: sha512-7zznwNaqW6YtsfrGGDA6BRkISKAAE1Jo0QdpNYXNMHu2+0dTrPflTLNkpc8l7MUP5M16ZJcUvysVWWrMefZquA==}
    engines: {node: ^18.17.0 || ^20.3.0 || >=21.0.0}
    cpu: [ppc64]
    os: [linux]
    libc: [glibc]

  '@img/sharp-linux-riscv64@0.34.5':
    resolution: {integrity: sha512-51gJuLPTKa7piYPaVs8GmByo7/U7/7TZOq+cnXJIHZKavIRHAP77e3N2HEl3dgiqdD/w0yUfiJnII77PuDDFdw==}
    engines: {node: ^18.17.0 || ^20.3.0 || >=21.0.0}
    cpu: [riscv64]
    os: [linux]
    libc: [glibc]

  '@img/sharp-linux-s390x@0.34.5':
    resolution: {integrity: sha512-nQtCk0PdKfho3eC5MrbQoigJ2gd1CgddUMkabUj+rBevs8tZ2cULOx46E7oyX+04WGfABgIwmMC0VqieTiR4jg==}
    engines: {node: ^18.17.0 || ^20.3.0 || >=21.0.0}
    cpu: [s390x]
    os: [linux]
    libc: [glibc]

  '@img/sharp-linux-x64@0.34.5':
    resolution: {integrity: sha512-MEzd8HPKxVxVenwAa+JRPwEC7QFjoPWuS5NZnBt6B3pu7EG2Ge0id1oLHZpPJdn3OQK+BQDiw9zStiHBTJQQQQ==}
    engines: {node: ^18.17.0 || ^20.3.0 || >=21.0.0}
    cpu: [x64]
    os: [linux]
    libc: [glibc]

  '@img/sharp-linuxmusl-arm64@0.34.5':
    resolution: {integrity: sha512-fprJR6GtRsMt6Kyfq44IsChVZeGN97gTD331weR1ex1c1rypDEABN6Tm2xa1wE6lYb5DdEnk03NZPqA7Id21yg==}
    engines: {node: ^18.17.0 || ^20.3.0 || >=21.0.0}
    cpu: [arm64]
    os: [linux]
    libc: [musl]

  '@img/sharp-linuxmusl-x64@0.34.5':
    resolution: {integrity: sha512-Jg8wNT1MUzIvhBFxViqrEhWDGzqymo3sV7z7ZsaWbZNDLXRJZoRGrjulp60YYtV4wfY8VIKcWidjojlLcWrd8Q==}
    engines: {node: ^18.17.0 || ^20.3.0 || >=21.0.0}
    cpu: [x64]
    os: [linux]
    libc: [musl]

  '@img/sharp-wasm32@0.34.5':
    resolution: {integrity: sha512-OdWTEiVkY2PHwqkbBI8frFxQQFekHaSSkUIJkwzclWZe64O1X4UlUjqqqLaPbUpMOQk6FBu/HtlGXNblIs0huw==}
    engines: {node: ^18.17.0 || ^20.3.0 || >=21.0.0}
    cpu: [wasm32]

  '@img/sharp-win32-arm64@0.34.5':
    resolution: {integrity: sha512-WQ3AgWCWYSb2yt+IG8mnC6Jdk9Whs7O0gxphblsLvdhSpSTtmu69ZG1Gkb6NuvxsNACwiPV6cNSZNzt0KPsw7g==}
    engines: {node: ^18.17.0 || ^20.3.0 || >=21.0.0}
    cpu: [arm64]
    os: [win32]

  '@img/sharp-win32-ia32@0.34.5':
    resolution: {integrity: sha512-FV9m/7NmeCmSHDD5j4+4pNI8Cp3aW+JvLoXcTUo0IqyjSfAZJ8dIUmijx1qaJsIiU+Hosw6xM5KijAWRJCSgNg==}
    engines: {node: ^18.17.0 || ^20.3.0 || >=21.0.0}
    cpu: [ia32]
    os: [win32]

  '@img/sharp-win32-x64@0.34.5':
    resolution: {integrity: sha512-+29YMsqY2/9eFEiW93eqWnuLcWcufowXewwSNIT6UwZdUUCrM3oFjMWH/Z6/TMmb4hlFenmfAVbpWeup2jryCw==}
    engines: {node: ^18.17.0 || ^20.3.0 || >=21.0.0}
    cpu: [x64]
    os: [win32]

  '@jridgewell/gen-mapping@0.3.13':
    resolution: {integrity: sha512-2kkt/7niJ6MgEPxF0bYdQ6etZaA+fQvDcLKckhy1yIQOzaoKjBBjSj63/aLVjYE3qhRt5dvM+uUyfCg6UKCBbA==}

  '@jridgewell/remapping@2.3.5':
    resolution: {integrity: sha512-LI9u/+laYG4Ds1TDKSJW2YPrIlcVYOwi2fUC6xB43lueCjgxV4lffOCZCtYFiH6TNOX+tQKXx97T4IKHbhyHEQ==}

  '@jridgewell/resolve-uri@3.1.2':
    resolution: {integrity: sha512-bRISgCIjP20/tbWSPWMEi54QVPRZExkuD9lJL+UIxUKtwVJA8wW1Trb1jMs1RFXo1CBTNZ/5hpC9QvmKWdopKw==}
    engines: {node: '>=6.0.0'}

  '@jridgewell/sourcemap-codec@1.5.5':
    resolution: {integrity: sha512-cYQ9310grqxueWbl+WuIUIaiUaDcj7WOq5fVhEljNVgRfOUhY9fy2zTvfoqWsnebh8Sl70VScFbICvJnLKB0Og==}

  '@jridgewell/trace-mapping@0.3.31':
    resolution: {integrity: sha512-zzNR+SdQSDJzc8joaeP8QQoCQr8NuYx2dIIytl1QeBEZHJ9uW6hebsrYgbz8hJwUQao3TWCMtmfV8Nu1twOLAw==}

  '@napi-rs/wasm-runtime@1.1.6':
    resolution: {integrity: sha512-ZLv/JdUfkvOy9eCnnBaGfiO+XimbjebAeO+MRQqD/B+FR1tnRN0tpKSJHRbE8sFfS6aqsXZ67TQjfwfsxULVbg==}
    peerDependencies:
      '@emnapi/core': ^1.7.1
      '@emnapi/runtime': ^1.7.1

  '@next/env@16.2.10':
    resolution: {integrity: sha512-zLPxg9M0MEHmygpj5OuxjQ+vHMiy/K7cSp74G8ecYolmgUWw0RwN02tF56npup/+qaI8JB97hQgS/r2Hb6QwVA==}

  '@next/eslint-plugin-next@16.2.10':
    resolution: {integrity: sha512-Gs8D2m21VnJeFo9qvYIIqJH94frWerWYu41BprU1pLtRVF7PCQNLiFZZ3fG+iPuj3K83Cwv/rt+msLOy8Qgu3Q==}

  '@next/swc-darwin-arm64@16.2.10':
    resolution: {integrity: sha512-v9IdJCa0H0mbo+8z5zwUpOk1Vj7RjkcI5uNYf5Ws1y6szf/p3Mzl9hLaST8SCt6L9h8NGnruZcd2+o0NTNwDhA==}
    engines: {node: '>= 10'}
    cpu: [arm64]
    os: [darwin]

  '@next/swc-darwin-x64@16.2.10':
    resolution: {integrity: sha512-17IS0jJRViROGmA9uGdNR8VPJpfbnaVG7E9qhso5jDLkmyd0lSDORWxbcKINzcFqzZqGwGtMSnrFRxBpuUYjLQ==}
    engines: {node: '>= 10'}
    cpu: [x64]
    os: [darwin]

  '@next/swc-linux-arm64-gnu@16.2.10':
    resolution: {integrity: sha512-GRQRsRtuciNJvB54AvvuQTiq0oZtFwa1owQqtZD8wwnGpM2L39MV22kpI72YSXLKIyY40LC66EiLFv4PiicXxg==}
    engines: {node: '>= 10'}
    cpu: [arm64]
    os: [linux]
    libc: [glibc]

  '@next/swc-linux-arm64-musl@16.2.10':
    resolution: {integrity: sha512-zkN9MQYS7UQBro+FnISUq1itaQjXI9xqISzuQ+2bc921NcJ1x4yPCqrn77tVN6/dOOXaaWVX3k6/bR07pPwK+A==}
    engines: {node: '>= 10'}
    cpu: [arm64]
    os: [linux]
    libc: [musl]

  '@next/swc-linux-x64-gnu@16.2.10':
    resolution: {integrity: sha512-iCVJnwvrPYECvA6WM/7+oo+OiTvedIKLxtCLAZP4xZR3nXa1zmzZyLPbYCmWvpd4CvMYF1EMTafd0ii3DygLvA==}
    engines: {node: '>= 10'}
    cpu: [x64]
    os: [linux]
    libc: [glibc]

  '@next/swc-linux-x64-musl@16.2.10':
    resolution: {integrity: sha512-ov2g4H0dHY9bPoOU83m91hWT7Iq5qy13bUnyyshLU3HGR1Ownn0X9QpmDPc5iIUaahTp7f7LeGAhV4DSFtackw==}
    engines: {node: '>= 10'}
    cpu: [x64]
    os: [linux]
    libc: [musl]

  '@next/swc-win32-arm64-msvc@16.2.10':
    resolution: {integrity: sha512-DwAnhLX76HQiFFQNgWlcK+JzlnD1rZ+UK/WY0ZMI/deXpvgnesjNYrqcfo1JzBuz4Kf7o3brIBL0glI1junatA==}
    engines: {node: '>= 10'}
    cpu: [arm64]
    os: [win32]

  '@next/swc-win32-x64-msvc@16.2.10':
    resolution: {integrity: sha512-0JXq3b85Jk9Jg4ntLUbXSPvoDw3gpZou7twuKdoFG2jOw635v7+IiXfTaa0TxVMyx78pUjnrVYwLgjKfX4e6/A==}
    engines: {node: '>= 10'}
    cpu: [x64]
    os: [win32]

  '@nodelib/fs.scandir@2.1.5':
    resolution: {integrity: sha512-vq24Bq3ym5HEQm2NKCr3yXDwjc7vTsEThRDnkp2DK9p1uqLR+DHurm/NOTo0KG7HYHU7eppKZj3MyqYuMBf62g==}
    engines: {node: '>= 8'}

  '@nodelib/fs.stat@2.0.5':
    resolution: {integrity: sha512-RkhPPp2zrqDAQA/2jNhnztcPAlv64XdhIp7a7454A5ovI7Bukxgt7MX7udwAu3zg1DcpPU0rz3VV1SeaqvY4+A==}
    engines: {node: '>= 8'}

  '@nodelib/fs.walk@1.2.8':
    resolution: {integrity: sha512-oGB+UxlgWcgQkgwo8GcEGwemoTFt3FIO9ababBmaGwXIoBKZ+GTy0pP185beGg7Llih/NSHSV2XAs1lnznocSg==}
    engines: {node: '>= 8'}

  '@nolyfill/is-core-module@1.0.39':
    resolution: {integrity: sha512-nn5ozdjYQpUCZlWGuxcJY/KpxkWQs4DcbMCmKojjyrYDEAGy4Ce19NN4v5MduafTwJlbKc99UA8YhSVqq9yPZA==}
    engines: {node: '>=12.4.0'}

  '@rtsao/scc@1.1.0':
    resolution: {integrity: sha512-zt6OdqaDoOnJ1ZYsCYGt9YmWzDXl4vQdKTyJev62gFhRGKdx7mcT54V9KIjg+d2wi9EXsPvAPKe7i7WjfVWB8g==}

  '@swc/helpers@0.5.15':
    resolution: {integrity: sha512-JQ5TuMi45Owi4/BIMAJBoSQoOJu12oOk/gADqlcUL9JEdHB8vyjUSsxqeNXnmXHjYKMi2WcYtezGEEhqUI/E2g==}

  '@tybys/wasm-util@0.10.3':
    resolution: {integrity: sha512-F3fo1MYrRJYL3zER0OUOmkutjr1Vp23m7OsSgp7nq4SP6OqX6C/56XFIPAl5bt3zaBRjmW7SGz3u/6LwFpYcOg==}

  '@types/estree@1.0.9':
    resolution: {integrity: sha512-GhdPgy1el4/ImP05X05Uw4cw2/M93BCUmnEvWZNStlCzEKME4Fkk+YpoA5OiHNQmoS7Cafb8Xa3Pya8m1Qrzeg==}

  '@types/json-schema@7.0.15':
    resolution: {integrity: sha512-5+fP8P8MFNC+AyZCDxrB2pkZFPGzqQWUzpSeuuVLvm8VMcorNYavBqoFcxK8bQz4Qsbn4oUEEem4wDLfcysGHA==}

  '@types/json5@0.0.29':
    resolution: {integrity: sha512-dRLjCWHYg4oaA77cxO64oO+7JwCwnIzkZPdrrC71jQmQtlhM556pwKo5bUzqvZndkVbeFLIIi+9TC40JNF5hNQ==}

  '@types/node@26.1.1':
    resolution: {integrity: sha512-nxAkRSVkN1Y0JC1W8ky/fTfkGsMmcrRsbx+3XoZE+rMOX71kLYTV7fLXpqud1GpbpP5TuffXFqfX7fH2GgZREw==}

  '@types/react-dom@19.2.3':
    resolution: {integrity: sha512-jp2L/eY6fn+KgVVQAOqYItbF0VY/YApe5Mz2F0aykSO8gx31bYCZyvSeYxCHKvzHG5eZjc+zyaS5BrBWya2+kQ==}
    peerDependencies:
      '@types/react': ^19.2.0

  '@types/react@19.2.17':
    resolution: {integrity: sha512-MXfmqaVPEVgkBT/aY0aGCkRWWtByiYQXo3xdQ8r5RzuFrPiRn8Gar2tQdXSUQ2GKV3bkXckek89V8wQBY2Q/Aw==}

  '@typescript-eslint/eslint-plugin@8.64.0':
    resolution: {integrity: sha512-CGvQPBxN3wZLu6Rz2kFUpZeoCm78xUic92ck39KPePkO1NPOwjCqdQnm5Q87tpWw9vcBvW8XLrDXjH9PWYtJ3Q==}
    engines: {node: ^18.18.0 || ^20.9.0 || >=21.1.0}
    peerDependencies:
      '@typescript-eslint/parser': ^8.64.0
      eslint: ^8.57.0 || ^9.0.0 || ^10.0.0
      typescript: '>=4.8.4 <6.1.0'

  '@typescript-eslint/parser@8.64.0':
    resolution: {integrity: sha512-KA0OshtlcCCXmbfqyZkM5pV3/WNraJf7DkJRLpyrmwPtud57H5BDX7C3k0LPSPxpprfRL+cJDGabF10mvNCoCw==}
    engines: {node: ^18.18.0 || ^20.9.0 || >=21.1.0}
    peerDependencies:
      eslint: ^8.57.0 || ^9.0.0 || ^10.0.0
      typescript: '>=4.8.4 <6.1.0'

  '@typescript-eslint/project-service@8.64.0':
    resolution: {integrity: sha512-tk4WpOJ6IEbGrVHaNmM0YRrwAD3exZlIK3iadQNAxh4YKk6jvUQ4ecq18n+v7+meh+cJ3j+D8nbk8sRKhlwLQg==}
    engines: {node: ^18.18.0 || ^20.9.0 || >=21.1.0}
    peerDependencies:
      typescript: '>=4.8.4 <6.1.0'

  '@typescript-eslint/scope-manager@8.64.0':
    resolution: {int…21205 tokens truncated…5.3.2
      imurmurhash: 0.1.4
      is-glob: 4.0.3
      json-stable-stringify-without-jsonify: 1.0.1
      lodash.merge: 4.6.2
      minimatch: 3.1.5
      natural-compare: 1.4.0
      optionator: 0.9.4
    transitivePeerDependencies:
      - supports-color

  espree@10.4.0:
    dependencies:
      acorn: 8.17.0
      acorn-jsx: 5.3.2(acorn@8.17.0)
      eslint-visitor-keys: 4.2.1

  esquery@1.7.0:
    dependencies:
      estraverse: 5.3.0

  esrecurse@4.3.0:
    dependencies:
      estraverse: 5.3.0

  estraverse@5.3.0: {}

  esutils@2.0.3: {}

  fast-deep-equal@3.1.3: {}

  fast-glob@3.3.1:
    dependencies:
      '@nodelib/fs.stat': 2.0.5
      '@nodelib/fs.walk': 1.2.8
      glob-parent: 5.1.2
      merge2: 1.4.1
      micromatch: 4.0.8

  fast-json-stable-stringify@2.1.0: {}

  fast-levenshtein@2.0.6: {}

  fastq@1.20.1:
    dependencies:
      reusify: 1.1.0

  fdir@6.5.0(picomatch@4.0.5):
    optionalDependencies:
      picomatch: 4.0.5

  file-entry-cache@8.0.0:
    dependencies:
      flat-cache: 4.0.1

  fill-range@7.1.1:
    dependencies:
      to-regex-range: 5.0.1

  find-up@5.0.0:
    dependencies:
      locate-path: 6.0.0
      path-exists: 4.0.0

  flat-cache@4.0.1:
    dependencies:
      flatted: 3.4.2
      keyv: 4.5.4

  flatted@3.4.2: {}

  for-each@0.3.5:
    dependencies:
      is-callable: 1.2.7

  function-bind@1.1.2: {}

  function.prototype.name@1.2.0:
    dependencies:
      call-bind: 1.0.9
      call-bound: 1.0.4
      es-define-property: 1.0.1
      es-errors: 1.3.0
      functions-have-names: 1.2.3
      has-property-descriptors: 1.0.2
      hasown: 2.0.4
      is-callable: 1.2.7
      is-document.all: 1.0.0

  functions-have-names@1.2.3: {}

  generator-function@2.0.1: {}

  gensync@1.0.0-beta.2: {}

  get-intrinsic@1.3.0:
    dependencies:
      call-bind-apply-helpers: 1.0.2
      es-define-property: 1.0.1
      es-errors: 1.3.0
      es-object-atoms: 1.1.2
      function-bind: 1.1.2
      get-proto: 1.0.1
      gopd: 1.2.0
      has-symbols: 1.1.0
      hasown: 2.0.4
      math-intrinsics: 1.1.0

  get-proto@1.0.1:
    dependencies:
      dunder-proto: 1.0.1
      es-object-atoms: 1.1.2

  get-symbol-description@1.1.0:
    dependencies:
      call-bound: 1.0.4
      es-errors: 1.3.0
      get-intrinsic: 1.3.0

  get-tsconfig@4.14.0:
    dependencies:
      resolve-pkg-maps: 1.0.0

  glob-parent@5.1.2:
    dependencies:
      is-glob: 4.0.3

  glob-parent@6.0.2:
    dependencies:
      is-glob: 4.0.3

  globals@14.0.0: {}

  globals@16.4.0: {}

  globalthis@1.0.4:
    dependencies:
      define-properties: 1.2.1
      gopd: 1.2.0

  gopd@1.2.0: {}

  has-bigints@1.1.0: {}

  has-flag@4.0.0: {}

  has-property-descriptors@1.0.2:
    dependencies:
      es-define-property: 1.0.1

  has-proto@1.2.0:
    dependencies:
      dunder-proto: 1.0.1

  has-symbols@1.1.0: {}

  has-tostringtag@1.0.2:
    dependencies:
      has-symbols: 1.1.0

  hasown@2.0.4:
    dependencies:
      function-bind: 1.1.2

  hermes-estree@0.25.1: {}

  hermes-parser@0.25.1:
    dependencies:
      hermes-estree: 0.25.1

  ignore@5.3.2: {}

  ignore@7.0.6: {}

  import-fresh@3.3.1:
    dependencies:
      parent-module: 1.0.1
      resolve-from: 4.0.0

  imurmurhash@0.1.4: {}

  internal-slot@1.1.0:
    dependencies:
      es-errors: 1.3.0
      hasown: 2.0.4
      side-channel: 1.1.1

  is-array-buffer@3.0.5:
    dependencies:
      call-bind: 1.0.9
      call-bound: 1.0.4
      get-intrinsic: 1.3.0

  is-async-function@2.1.1:
    dependencies:
      async-function: 1.0.0
      call-bound: 1.0.4
      get-proto: 1.0.1
      has-tostringtag: 1.0.2
      safe-regex-test: 1.1.0

  is-bigint@1.1.0:
    dependencies:
      has-bigints: 1.1.0

  is-boolean-object@1.2.2:
    dependencies:
      call-bound: 1.0.4
      has-tostringtag: 1.0.2

  is-bun-module@2.0.0:
    dependencies:
      semver: 7.8.5

  is-callable@1.2.7: {}

  is-core-module@2.16.2:
    dependencies:
      hasown: 2.0.4

  is-data-view@1.0.2:
    dependencies:
      call-bound: 1.0.4
      get-intrinsic: 1.3.0
      is-typed-array: 1.1.15

  is-date-object@1.1.0:
    dependencies:
      call-bound: 1.0.4
      has-tostringtag: 1.0.2

  is-document.all@1.0.0:
    dependencies:
      call-bound: 1.0.4

  is-extglob@2.1.1: {}

  is-finalizationregistry@1.1.1:
    dependencies:
      call-bound: 1.0.4

  is-generator-function@1.1.2:
    dependencies:
      call-bound: 1.0.4
      generator-function: 2.0.1
      get-proto: 1.0.1
      has-tostringtag: 1.0.2
      safe-regex-test: 1.1.0

  is-glob@4.0.3:
    dependencies:
      is-extglob: 2.1.1

  is-map@2.0.3: {}

  is-negative-zero@2.0.3: {}

  is-number-object@1.1.1:
    dependencies:
      call-bound: 1.0.4
      has-tostringtag: 1.0.2

  is-number@7.0.0: {}

  is-regex@1.2.1:
    dependencies:
      call-bound: 1.0.4
      gopd: 1.2.0
      has-tostringtag: 1.0.2
      hasown: 2.0.4

  is-set@2.0.3: {}

  is-shared-array-buffer@1.0.4:
    dependencies:
      call-bound: 1.0.4

  is-string@1.1.1:
    dependencies:
      call-bound: 1.0.4
      has-tostringtag: 1.0.2

  is-symbol@1.1.1:
    dependencies:
      call-bound: 1.0.4
      has-symbols: 1.1.0
      safe-regex-test: 1.1.0

  is-typed-array@1.1.15:
    dependencies:
      which-typed-array: 1.1.22

  is-weakmap@2.0.2: {}

  is-weakref@1.1.1:
    dependencies:
      call-bound: 1.0.4

  is-weakset@2.0.4:
    dependencies:
      call-bound: 1.0.4
      get-intrinsic: 1.3.0

  isarray@2.0.5: {}

  isexe@2.0.0: {}

  iterator.prototype@1.1.5:
    dependencies:
      define-data-property: 1.1.4
      es-object-atoms: 1.1.2
      get-intrinsic: 1.3.0
      get-proto: 1.0.1
      has-symbols: 1.1.0
      set-function-name: 2.0.2

  js-tokens@4.0.0: {}

  js-yaml@4.3.0:
    dependencies:
      argparse: 2.0.1

  jsesc@3.1.0: {}

  json-buffer@3.0.1: {}

  json-schema-traverse@0.4.1: {}

  json-stable-stringify-without-jsonify@1.0.1: {}

  json5@1.0.2:
    dependencies:
      minimist: 1.2.8

  json5@2.2.3: {}

  jsx-ast-utils@3.3.5:
    dependencies:
      array-includes: 3.1.9
      array.prototype.flat: 1.3.3
      object.assign: 4.1.7
      object.values: 1.2.1

  keyv@4.5.4:
    dependencies:
      json-buffer: 3.0.1

  language-subtag-registry@0.3.23: {}

  language-tags@1.0.9:
    dependencies:
      language-subtag-registry: 0.3.23

  levn@0.4.1:
    dependencies:
      prelude-ls: 1.2.1
      type-check: 0.4.0

  locate-path@6.0.0:
    dependencies:
      p-locate: 5.0.0

  lodash.merge@4.6.2: {}

  loose-envify@1.4.0:
    dependencies:
      js-tokens: 4.0.0

  lru-cache@5.1.1:
    dependencies:
      yallist: 3.1.1

  math-intrinsics@1.1.0: {}

  merge2@1.4.1: {}

  micromatch@4.0.8:
    dependencies:
      braces: 3.0.3
      picomatch: 2.3.2

  minimatch@10.2.5:
    dependencies:
      brace-expansion: 5.0.7

  minimatch@3.1.5:
    dependencies:
      brace-expansion: 1.1.16

  minimist@1.2.8: {}

  ms@2.1.3: {}

  nanoid@3.3.16: {}

  napi-postinstall@0.3.4: {}

  natural-compare@1.4.0: {}

  next@16.2.10(@babel/core@7.29.7)(react-dom@19.2.7(react@19.2.7))(react@19.2.7):
    dependencies:
      '@next/env': 16.2.10
      '@swc/helpers': 0.5.15
      baseline-browser-mapping: 2.10.43
      caniuse-lite: 1.0.30001806
      postcss: 8.4.31
      react: 19.2.7
      react-dom: 19.2.7(react@19.2.7)
      styled-jsx: 5.1.6(@babel/core@7.29.7)(react@19.2.7)
    optionalDependencies:
      '@next/swc-darwin-arm64': 16.2.10
      '@next/swc-darwin-x64': 16.2.10
      '@next/swc-linux-arm64-gnu': 16.2.10
      '@next/swc-linux-arm64-musl': 16.2.10
      '@next/swc-linux-x64-gnu': 16.2.10
      '@next/swc-linux-x64-musl': 16.2.10
      '@next/swc-win32-arm64-msvc': 16.2.10
      '@next/swc-win32-x64-msvc': 16.2.10
      sharp: 0.34.5
    transitivePeerDependencies:
      - '@babel/core'
      - babel-plugin-macros

  node-exports-info@1.6.2:
    dependencies:
      array.prototype.flatmap: 1.3.3
      es-errors: 1.3.0
      object.entries: 1.1.9
      semver: 6.3.1

  node-releases@2.0.51: {}

  object-assign@4.1.1: {}

  object-inspect@1.13.4: {}

  object-keys@1.1.1: {}

  object.assign@4.1.7:
    dependencies:
      call-bind: 1.0.9
      call-bound: 1.0.4
      define-properties: 1.2.1
      es-object-atoms: 1.1.2
      has-symbols: 1.1.0
      object-keys: 1.1.1

  object.entries@1.1.9:
    dependencies:
      call-bind: 1.0.9
      call-bound: 1.0.4
      define-properties: 1.2.1
      es-object-atoms: 1.1.2

  object.fromentries@2.0.8:
    dependencies:
      call-bind: 1.0.9
      define-properties: 1.2.1
      es-abstract: 1.24.2
      es-object-atoms: 1.1.2

  object.groupby@1.0.3:
    dependencies:
      call-bind: 1.0.9
      define-properties: 1.2.1
      es-abstract: 1.24.2

  object.values@1.2.1:
    dependencies:
      call-bind: 1.0.9
      call-bound: 1.0.4
      define-properties: 1.2.1
      es-object-atoms: 1.1.2

  optionator@0.9.4:
    dependencies:
      deep-is: 0.1.4
      fast-levenshtein: 2.0.6
      levn: 0.4.1
      prelude-ls: 1.2.1
      type-check: 0.4.0
      word-wrap: 1.2.5

  own-keys@1.0.1:
    dependencies:
      get-intrinsic: 1.3.0
      object-keys: 1.1.1
      safe-push-apply: 1.0.0

  p-limit@3.1.0:
    dependencies:
      yocto-queue: 0.1.0

  p-locate@5.0.0:
    dependencies:
      p-limit: 3.1.0

  parent-module@1.0.1:
    dependencies:
      callsites: 3.1.0

  path-exists@4.0.0: {}

  path-key@3.1.1: {}

  path-parse@1.0.7: {}

  picocolors@1.1.1: {}

  picomatch@2.3.2: {}

  picomatch@4.0.5: {}

  possible-typed-array-names@1.1.0: {}

  postcss@8.4.31:
    dependencies:
      nanoid: 3.3.16
      picocolors: 1.1.1
      source-map-js: 1.2.1

  prelude-ls@1.2.1: {}

  prop-types@15.8.1:
    dependencies:
      loose-envify: 1.4.0
      object-assign: 4.1.1
      react-is: 16.13.1

  punycode@2.3.1: {}

  queue-microtask@1.2.3: {}

  react-dom@19.2.7(react@19.2.7):
    dependencies:
      react: 19.2.7
      scheduler: 0.27.0

  react-is@16.13.1: {}

  react@19.2.7: {}

  reflect.getprototypeof@1.0.10:
    dependencies:
      call-bind: 1.0.9
      define-properties: 1.2.1
      es-abstract: 1.24.2
      es-errors: 1.3.0
      es-object-atoms: 1.1.2
      get-intrinsic: 1.3.0
      get-proto: 1.0.1
      which-builtin-type: 1.2.1

  regexp.prototype.flags@1.5.4:
    dependencies:
      call-bind: 1.0.9
      define-properties: 1.2.1
      es-errors: 1.3.0
      get-proto: 1.0.1
      gopd: 1.2.0
      set-function-name: 2.0.2

  resolve-from@4.0.0: {}

  resolve-pkg-maps@1.0.0: {}

  resolve@2.0.0-next.7:
    dependencies:
      es-errors: 1.3.0
      is-core-module: 2.16.2
      node-exports-info: 1.6.2
      object-keys: 1.1.1
      path-parse: 1.0.7
      supports-preserve-symlinks-flag: 1.0.0

  reusify@1.1.0: {}

  run-parallel@1.2.0:
    dependencies:
      queue-microtask: 1.2.3

  safe-array-concat@1.1.4:
    dependencies:
      call-bind: 1.0.9
      call-bound: 1.0.4
      get-intrinsic: 1.3.0
      has-symbols: 1.1.0
      isarray: 2.0.5

  safe-push-apply@1.0.0:
    dependencies:
      es-errors: 1.3.0
      isarray: 2.0.5

  safe-regex-test@1.1.0:
    dependencies:
      call-bound: 1.0.4
      es-errors: 1.3.0
      is-regex: 1.2.1

  scheduler@0.27.0: {}

  semver@6.3.1: {}

  semver@7.8.5: {}

  set-function-length@1.2.2:
    dependencies:
      define-data-property: 1.1.4
      es-errors: 1.3.0
      function-bind: 1.1.2
      get-intrinsic: 1.3.0
      gopd: 1.2.0
      has-property-descriptors: 1.0.2

  set-function-name@2.0.2:
    dependencies:
      define-data-property: 1.1.4
      es-errors: 1.3.0
      functions-have-names: 1.2.3
      has-property-descriptors: 1.0.2

  set-proto@1.0.0:
    dependencies:
      dunder-proto: 1.0.1
      es-errors: 1.3.0
      es-object-atoms: 1.1.2

  sharp@0.34.5:
    dependencies:
      '@img/colour': 1.1.0
      detect-libc: 2.1.2
      semver: 7.8.5
    optionalDependencies:
      '@img/sharp-darwin-arm64': 0.34.5
      '@img/sharp-darwin-x64': 0.34.5
      '@img/sharp-libvips-darwin-arm64': 1.2.4
      '@img/sharp-libvips-darwin-x64': 1.2.4
      '@img/sharp-libvips-linux-arm': 1.2.4
      '@img/sharp-libvips-linux-arm64': 1.2.4
      '@img/sharp-libvips-linux-ppc64': 1.2.4
      '@img/sharp-libvips-linux-riscv64': 1.2.4
      '@img/sharp-libvips-linux-s390x': 1.2.4
      '@img/sharp-libvips-linux-x64': 1.2.4
      '@img/sharp-libvips-linuxmusl-arm64': 1.2.4
      '@img/sharp-libvips-linuxmusl-x64': 1.2.4
      '@img/sharp-linux-arm': 0.34.5
      '@img/sharp-linux-arm64': 0.34.5
      '@img/sharp-linux-ppc64': 0.34.5
      '@img/sharp-linux-riscv64': 0.34.5
      '@img/sharp-linux-s390x': 0.34.5
      '@img/sharp-linux-x64': 0.34.5
      '@img/sharp-linuxmusl-arm64': 0.34.5
      '@img/sharp-linuxmusl-x64': 0.34.5
      '@img/sharp-wasm32': 0.34.5
      '@img/sharp-win32-arm64': 0.34.5
      '@img/sharp-win32-ia32': 0.34.5
      '@img/sharp-win32-x64': 0.34.5
    optional: true

  shebang-command@2.0.0:
    dependencies:
      shebang-regex: 3.0.0

  shebang-regex@3.0.0: {}

  side-channel-list@1.0.1:
    dependencies:
      es-errors: 1.3.0
      object-inspect: 1.13.4

  side-channel-map@1.0.1:
    dependencies:
      call-bound: 1.0.4
      es-errors: 1.3.0
      get-intrinsic: 1.3.0
      object-inspect: 1.13.4

  side-channel-weakmap@1.0.2:
    dependencies:
      call-bound: 1.0.4
      es-errors: 1.3.0
      get-intrinsic: 1.3.0
      object-inspect: 1.13.4
      side-channel-map: 1.0.1

  side-channel@1.1.1:
    dependencies:
      es-errors: 1.3.0
      object-inspect: 1.13.4
      side-channel-list: 1.0.1
      side-channel-map: 1.0.1
      side-channel-weakmap: 1.0.2

  source-map-js@1.2.1: {}

  stable-hash@0.0.5: {}

  stop-iteration-iterator@1.1.0:
    dependencies:
      es-errors: 1.3.0
      internal-slot: 1.1.0

  string.prototype.includes@2.0.1:
    dependencies:
      call-bind: 1.0.9
      define-properties: 1.2.1
      es-abstract: 1.24.2

  string.prototype.matchall@4.0.12:
    dependencies:
      call-bind: 1.0.9
      call-bound: 1.0.4
      define-properties: 1.2.1
      es-abstract: 1.24.2
      es-errors: 1.3.0
      es-object-atoms: 1.1.2
      get-intrinsic: 1.3.0
      gopd: 1.2.0
      has-symbols: 1.1.0
      internal-slot: 1.1.0
      regexp.prototype.flags: 1.5.4
      set-function-name: 2.0.2
      side-channel: 1.1.1

  string.prototype.repeat@1.0.0:
    dependencies:
      define-properties: 1.2.1
      es-abstract: 1.24.2

  string.prototype.trim@1.2.11:
    dependencies:
      call-bind: 1.0.9
      call-bound: 1.0.4
      define-data-property: 1.1.4
      define-properties: 1.2.1
      es-abstract: 1.24.2
      es-object-atoms: 1.1.2
      has-property-descriptors: 1.0.2
      safe-regex-test: 1.1.0

  string.prototype.trimend@1.0.10:
    dependencies:
      call-bind: 1.0.9
      call-bound: 1.0.4
      define-properties: 1.2.1
      es-object-atoms: 1.1.2

  string.prototype.trimstart@1.0.8:
    dependencies:
      call-bind: 1.0.9
      define-properties: 1.2.1
      es-object-atoms: 1.1.2

  strip-bom@3.0.0: {}

  strip-json-comments@3.1.1: {}

  styled-jsx@5.1.6(@babel/core@7.29.7)(react@19.2.7):
    dependencies:
      client-only: 0.0.1
      react: 19.2.7
    optionalDependencies:
      '@babel/core': 7.29.7

  supports-color@7.2.0:
    dependencies:
      has-flag: 4.0.0

  supports-preserve-symlinks-flag@1.0.0: {}

  tinyglobby@0.2.17:
    dependencies:
      fdir: 6.5.0(picomatch@4.0.5)
      picomatch: 4.0.5

  to-regex-range@5.0.1:
    dependencies:
      is-number: 7.0.0

  ts-api-utils@2.5.0(typescript@5.9.3):
    dependencies:
      typescript: 5.9.3

  tsconfig-paths@3.15.0:
    dependencies:
      '@types/json5': 0.0.29
      json5: 1.0.2
      minimist: 1.2.8
      strip-bom: 3.0.0

  tslib@2.8.1: {}

  type-check@0.4.0:
    dependencies:
      prelude-ls: 1.2.1

  typed-array-buffer@1.0.3:
    dependencies:
      call-bound: 1.0.4
      es-errors: 1.3.0
      is-typed-array: 1.1.15

  typed-array-byte-length@1.0.3:
    dependencies:
      call-bind: 1.0.9
      for-each: 0.3.5
      gopd: 1.2.0
      has-proto: 1.2.0
      is-typed-array: 1.1.15

  typed-array-byte-offset@1.0.4:
    dependencies:
      available-typed-arrays: 1.0.7
      call-bind: 1.0.9
      for-each: 0.3.5
      gopd: 1.2.0
      has-proto: 1.2.0
      is-typed-array: 1.1.15
      reflect.getprototypeof: 1.0.10

  typed-array-length@1.0.8:
    dependencies:
      call-bind: 1.0.9
      for-each: 0.3.5
      gopd: 1.2.0
      is-typed-array: 1.1.15
      possible-typed-array-names: 1.1.0
      reflect.getprototypeof: 1.0.10

  typescript-eslint@8.64.0(eslint@9.39.5)(typescript@5.9.3):
    dependencies:
      '@typescript-eslint/eslint-plugin': 8.64.0(@typescript-eslint/parser@8.64.0(eslint@9.39.5)(typescript@5.9.3))(eslint@9.39.5)(typescript@5.9.3)
      '@typescript-eslint/parser': 8.64.0(eslint@9.39.5)(typescript@5.9.3)
      '@typescript-eslint/typescript-estree': 8.64.0(typescript@5.9.3)
      '@typescript-eslint/utils': 8.64.0(eslint@9.39.5)(typescript@5.9.3)
      eslint: 9.39.5
      typescript: 5.9.3
    transitivePeerDependencies:
      - supports-color

  typescript@5.9.3: {}

  unbox-primitive@1.1.0:
    dependencies:
      call-bound: 1.0.4
      has-bigints: 1.1.0
      has-symbols: 1.1.0
      which-boxed-primitive: 1.1.1

  undici-types@8.3.0: {}

  unrs-resolver@1.12.2:
    dependencies:
      napi-postinstall: 0.3.4
    optionalDependencies:
      '@unrs/resolver-binding-android-arm-eabi': 1.12.2
      '@unrs/resolver-binding-android-arm64': 1.12.2
      '@unrs/resolver-binding-darwin-arm64': 1.12.2
      '@unrs/resolver-binding-darwin-x64': 1.12.2
      '@unrs/resolver-binding-freebsd-x64': 1.12.2
      '@unrs/resolver-binding-linux-arm-gnueabihf': 1.12.2
      '@unrs/resolver-binding-linux-arm-musleabihf': 1.12.2
      '@unrs/resolver-binding-linux-arm64-gnu': 1.12.2
      '@unrs/resolver-binding-linux-arm64-musl': 1.12.2
      '@unrs/resolver-binding-linux-loong64-gnu': 1.12.2
      '@unrs/resolver-binding-linux-loong64-musl': 1.12.2
      '@unrs/resolver-binding-linux-ppc64-gnu': 1.12.2
      '@unrs/resolver-binding-linux-riscv64-gnu': 1.12.2
      '@unrs/resolver-binding-linux-riscv64-musl': 1.12.2
      '@unrs/resolver-binding-linux-s390x-gnu': 1.12.2
      '@unrs/resolver-binding-linux-x64-gnu': 1.12.2
      '@unrs/resolver-binding-linux-x64-musl': 1.12.2
      '@unrs/resolver-binding-openharmony-arm64': 1.12.2
      '@unrs/resolver-binding-wasm32-wasi': 1.12.2
      '@unrs/resolver-binding-win32-arm64-msvc': 1.12.2
      '@unrs/resolver-binding-win32-ia32-msvc': 1.12.2
      '@unrs/resolver-binding-win32-x64-msvc': 1.12.2

  update-browserslist-db@1.2.3(browserslist@4.28.6):
    dependencies:
      browserslist: 4.28.6
      escalade: 3.2.0
      picocolors: 1.1.1

  uri-js@4.4.1:
    dependencies:
      punycode: 2.3.1

  which-boxed-primitive@1.1.1:
    dependencies:
      is-bigint: 1.1.0
      is-boolean-object: 1.2.2
      is-number-object: 1.1.1
      is-string: 1.1.1
      is-symbol: 1.1.1

  which-builtin-type@1.2.1:
    dependencies:
      call-bound: 1.0.4
      function.prototype.name: 1.2.0
      has-tostringtag: 1.0.2
      is-async-function: 2.1.1
      is-date-object: 1.1.0
      is-finalizationregistry: 1.1.1
      is-generator-function: 1.1.2
      is-regex: 1.2.1
      is-weakref: 1.1.1
      isarray: 2.0.5
      which-boxed-primitive: 1.1.1
      which-collection: 1.0.2
      which-typed-array: 1.1.22

  which-collection@1.0.2:
    dependencies:
      is-map: 2.0.3
      is-set: 2.0.3
      is-weakmap: 2.0.2
      is-weakset: 2.0.4

  which-typed-array@1.1.22:
    dependencies:
      available-typed-arrays: 1.0.7
      call-bind: 1.0.9
      call-bound: 1.0.4
      for-each: 0.3.5
      get-proto: 1.0.1
      gopd: 1.2.0
      has-tostringtag: 1.0.2

  which@2.0.2:
    dependencies:
      isexe: 2.0.0

  word-wrap@1.2.5: {}

  yallist@3.1.1: {}

  yocto-queue@0.1.0: {}

  zod-validation-error@4.0.2(zod@4.4.3):
    dependencies:
      zod: 4.4.3

  zod@4.4.3: {}
